
Microsoft Visual Studio Solution File, Format Version 12.00
# Visual Studio Version 16
VisualStudioVersion = 16.0.31515.178
MinimumVisualStudioVersion = 10.0.40219.1
Project("{FAE04EC0-301F-11D3-BF4B-00C04F79EFBC}") = "CustomerManager", "CustomerManager.csproj", "{43D509AC-19A5-4D5D-AA4A-9F7658A9CF99}"
EndProject
Project("{FAE04EC0-301F-11D3-BF4B-00C04F79EFBC}") = "CodeFirst", "CodeFirst\CodeFirst.csproj", "{28B87D29-16DE-4D02-BFCF-6854C60617DD}"
EndProject
Global
	GlobalSection(SolutionConfigurationPlatforms) = preSolution
		Debug|Any CPU = Debug|Any CPU
		Release|Any CPU = Release|Any CPU
	EndGlobalSection
	GlobalSection(ProjectConfigurationPlatforms) = postSolution
		{43D509AC-19A5-4D5D-AA4A-9F7658A9CF99}.Debug|Any CPU.ActiveCfg = Debug|Any CPU
		{43D509AC-19A5-4D5D-AA4A-9F7658A9CF99}.Debug|Any CPU.Build.0 = Debug|Any CPU
		{43D509AC-19A5-4D5D-AA4A-9F7658A9CF99}.Release|Any CPU.ActiveCfg = Release|Any CPU
		{43D509AC-19A5-4D5D-AA4A-9F7658A9CF99}.Release|Any CPU.Build.0 = Release|Any CPU
		{28B87D29-16DE-4D02-BFCF-6854C60617DD}.Debug|Any CPU.ActiveCfg = Debug|Any CPU
		{28B87D29-16DE-4D02-BFCF-6854C60617DD}.Debug|Any CPU.Build.0 = Debug|Any CPU
		{28B87D29-16DE-4D02-BFCF-6854C60617DD}.Release|Any CPU.ActiveCfg = Release|Any CPU
		{28B87D29-16DE-4D02-BFCF-6854C60617DD}.Release|Any CPU.Build.0 = Release|Any CPU
	EndGlobalSection
	GlobalSection(SolutionProperties) = preSolution
		HideSolutionNode = FALSE
	EndGlobalSection
	GlobalSection(ExtensibilityGlobals) = postSolution
		SolutionGuid = {CF6D1AE1-2EB6-405C-982D-9E15AC948C70}
	EndGlobalSection
EndGlobal
